// !$*UTF8*$!
{
	archiveVersion = 1;
	classes = {
	};
	objectVersion = 56;
	objects = {

/* Begin PBXBuildFile section */
		C1BE7462292E5E7B006B0E99 /* FirebaseAuth in Frameworks */ = {isa = PBXBuildFile; productRef = C1BE7461292E5E7B006B0E99 /* FirebaseAuth */; };
		C1BE7469292E6295006B0E99 /* UserProvider.swift in Sources */ = {isa = PBXBuildFile; fileRef = C1BE7468292E6295006B0E99 /* UserProvider.swift */; };
		C1BE746C292E62D7006B0E99 /* UserModel.swift in Sources */ = {isa = PBXBuildFile; fileRef = C1BE746B292E62D7006B0E99 /* UserModel.swift */; };
		C1BE746F292E64EF006B0E99 /* Constants.swift in Sources */ = {isa = PBXBuildFile; fileRef = C1BE746E292E64EF006B0E99 /* Constants.swift */; };
		C1BE7471292E6604006B0E99 /* UserBusiness.swift in Sources */ = {isa = PBXBuildFile; fileRef = C1BE7470292E6604006B0E99 /* UserBusiness.swift */; };
		C1CC19B0292E5BF3003CB5D4 /* AppDelegate.swift in Sources */ = {isa = PBXBuildFile; fileRef = C1CC19AF292E5BF3003CB5D4 /* AppDelegate.swift */; };
		C1CC19B2292E5BF3003CB5D4 /* SceneDelegate.swift in Sources */ = {isa = PBXBuildFile; fileRef = C1CC19B1292E5BF3003CB5D4 /* SceneDelegate.swift */; };
		C1CC19B4292E5BF3003CB5D4 /* ViewController.swift in Sources */ = {isa = PBXBuildFile; fileRef = C1CC19B3292E5BF3003CB5D4 /* ViewController.swift */; };
		C1CC19B7292E5BF3003CB5D4 /* Main.storyboard in Resources */ = {isa = PBXBuildFile; fileRef = C1CC19B5292E5BF3003CB5D4 /* Main.storyboard */; };
		C1CC19B9292E5BF4003CB5D4 /* Assets.xcassets in Resources */ = {isa = PBXBuildFile; fileRef = C1CC19B8292E5BF4003CB5D4 /* Assets.xcassets */; };
		C1CC19BC292E5BF4003CB5D4 /* LaunchScreen.storyboard in Resources */ = {isa = PBXBuildFile; fileRef = C1CC19BA292E5BF4003CB5D4 /* LaunchScreen.storyboard */; };
		C1CC19C4292E5C55003CB5D4 /* GoogleService-Info.plist in Resources */ = {isa = PBXBuildFile; fileRef = C1CC19C3292E5C55003CB5D4 /* GoogleService-Info.plist */; };
/* End PBXBuildFile section */

/* Begin PBXFileReference section */
		C1BE7468292E6295006B0E99 /* UserProvider.swift */ = {isa = PBXFileReference; lastKnownFileType = sourcecode.swift; path = UserProvider.swift; sourceTree = "<group>"; };
		C1BE746B292E62D7006B0E99 /* UserModel.swift */ = {isa = PBXFileReference; lastKnownFileType = sourcecode.swift; path = UserModel.swift; sourceTree = "<group>"; };
		C1BE746E292E64EF006B0E99 /* Constants.swift */ = {isa = PBXFileReference; lastKnownFileType = sourcecode.swift; path = Constants.swift; sourceTree = "<group>"; };
		C1BE7470292E6604006B0E99 /* UserBusiness.swift */ = {isa = PBXFileReference; lastKnownFileType = sourcecode.swift; path = UserBusiness.swift; sourceTree = "<group>"; };
		C1CC19AC292E5BF3003CB5D4 /* arquitetura.app */ = {isa = PBXFileReference; explicitFileType = wrapper.application; includeInIndex = 0; path = arquitetura.app; sourceTree = BUILT_PRODUCTS_DIR; };
		C1CC19AF292E5BF3003CB5D4 /* AppDelegate.swift */ = {isa = PBXFileReference; lastKnownFileType = sourcecode.swift; path = AppDelegate.swift; sourceTree = "<group>"; };
		C1CC19B1292E5BF3003CB5D4 /* SceneDelegate.swift */ = {isa = PBXFileReference; lastKnownFileType = sourcecode.swift; path = SceneDelegate.swift; sourceTree = "<group>"; };
		C1CC19B3292E5BF3003CB5D4 /* ViewController.swift */ = {isa = PBXFileReference; lastKnownFileType = sourcecode.swift; path = ViewController.swift; sourceTree = "<group>"; };
		C1CC19B6292E5BF3003CB5D4 /* Base */ = {isa = PBXFileReference; lastKnownFileType = file.storyboard; name = Base; path = Base.lproj/Main.storyboard; sourceTree = "<group>"; };
		C1CC19B8292E5BF4003CB5D4 /* Assets.xcassets */ = {isa = PBXFileReference; lastKnownFileType = folder.assetcatalog; path = Assets.xcassets; sourceTree = "<group>"; };
		C1CC19BB292E5BF4003CB5D4 /* Base */ = {isa = PBXFileReference; lastKnownFileType = file.storyboard; name = Base; path = Base.lproj/LaunchScreen.storyboard; sourceTree = "<group>"; };
		C1CC19BD292E5BF4003CB5D4 /* Info.plist */ = {isa = PBXFileReference; lastKnownFileType = text.plist.xml; path = Info.plist; sourceTree = "<group>"; };
		C1CC19C3292E5C55003CB5D4 /* GoogleService-Info.plist */ = {isa = PBXFileReference; fileEncoding = 4; lastKnownFileType = text.plist.xml; path = "GoogleService-Info.plist"; sourceTree = "<group>"; };
/* End PBXFileReference section */

/* Begin PBXFrameworksBuildPhase section */
		C1CC19A9292E5BF3003CB5D4 /* Frameworks */ = {
			isa = PBXFrameworksBuildPhase;
			buildActionMask = 2147483647;
			files = (
				C1BE7462292E5E7B006B0E99 /* FirebaseAuth in Frameworks */,
			);
			runOnlyForDeploymentPostprocessing = 0;
		};
/* End PBXFrameworksBuildPhase section */

/* Begin PBXGroup section */
		C1BE7463292E6119006B0E99 /* API */ = {
			isa = PBXGroup;
			children = (
				C1BE746A292E62D3006B0E99 /* Model */,
				C1BE7466292E612C006B0E99 /* Provider */,
				C1BE7465292E6127006B0E99 /* Manager */,
				C1BE7464292E6123006B0E99 /* Business */,
			);
			path = API;
			sourceTree = "<group>";
		};
		C1BE7464292E6123006B0E99 /* Business */ = {
			isa = PBXGroup;
			children = (
				C1BE7470292E6604006B0E99 /* UserBusiness.swift */,
			);
			path = Business;
			sourceTree = "<group>";
		};
		C1BE7465292E6127006B0E99 /* Manager */ = {
			isa = PBXGroup;
			children = (
			);
			path = Manager;
			sourceTree = "<group>";
		};
		C1BE7466292E612C006B0E99 /* Provider */ = {
			isa = PBXGroup;
			children = (
				C1BE7468292E6295006B0E99 /* UserProvider.swift */,
			);
			path = Provider;
			sourceTree = "<group>";
		};
		C1BE7467292E6136006B0E99 /* Source */ = {
			isa = PBXGroup;
			children = (
				C1CC19AF292E5BF3003CB5D4 /* AppDelegate.swift */,
				C1CC19B1292E5BF3003CB5D4 /* SceneDelegate.swift */,
				C1CC19B3292E5BF3003CB5D4 /* ViewController.swift */,
				C1CC19B5292E5BF3003CB5D4 /* Main.storyboard */,
				C1CC19B8292E5BF4003CB5D4 /* Assets.xcassets */,
				C1CC19BA292E5BF4003CB5D4 /* LaunchScreen.storyboard */,
			);
			path = Source;
			sourceTree = "<group>";
		};
		C1BE746A292E62D3006B0E99 /* Model */ = {
			isa = PBXGroup;
			children = (
				C1BE746B292E62D7006B0E99 /* UserModel.swift */,
			);
			path = Model;
			sourceTree = "<group>";
		};
		C1BE746D292E64E4006B0E99 /* Infrastructure */ = {
			isa = PBXGroup;
			children = (
				C1BE746E292E64EF006B0E99 /* Constants.swift */,
			);
			path = Infrastructure;
			sourceTree = "<group>";
		};
		C1CC19A3292E5BF3003CB5D4 = {
			isa = PBXGroup;
			children = (
				C1CC19AE292E5BF3003CB5D4 /* arquitetura */,
				C1CC19AD292E5BF3003CB5D4 /* Products */,
			);
			sourceTree = "<group>";
		};
		C1CC19AD292E5BF3003CB5D4 /* Products */ = {
			isa = PBXGroup;
			children = (
				C1CC19AC292E5BF3003CB5D4 /* arquitetura.app */,
			);
			name = Products;
			sourceTree = "<group>";
		};
		C1CC19AE292E5BF3003CB5D4 /* arquitetura */ = {
			isa = PBXGroup;
			children = (
				C1BE746D292E64E4006B0E99 /* Infrastructure */,
				C1BE7463292E6119006B0E99 /* API */,
				C1BE7467292E6136006B0E99 /* Source */,
				C1CC19C3292E5C55003CB5D4 /* GoogleService-Info.plist */,
				C1CC19BD292E5BF4003CB5D4 /* Info.plist */,
			);
			path = arquitetura;
			sourceTree = "<group>";
		};
/* End PBXGroup section */

/* Begin PBXNativeTarget section */
		C1CC19AB292E5BF3003CB5D4 /* arquitetura */ = {
			isa = PBXNativeTarget;
			buildConfigurationList = C1CC19C0292E5BF4003CB5D4 /* Build configuration list for PBXNativeTarget "arquitetura" */;
			buildPhases = (
				C1CC19A8292E5BF3003CB5D4 /* Sources */,
				C1CC19A9292E5BF3003CB5D4 /* Frameworks */,
				C1CC19AA292E5BF3003CB5D4 /* Resources */,
			);
			buildRules = (
			);
			dependencies = (
			);
			name = arquitetura;
			packageProductDependencies = (
				C1BE7461292E5E7B006B0E99 /* FirebaseAuth */,
			);
			productName = arquitetura;
			productReference = C1CC19AC292E5BF3003CB5D4 /* arquitetura.app */;
			productType = "com.apple.product-type.application";
		};
/* End PBXNativeTarget section */

/* Begin PBXProject section */
		C1CC19A4292E5BF3003CB5D4 /* Project object */ = {
			isa = PBXProject;
			attributes = {
				BuildIndependentTargetsInParallel = 1;
				LastSwiftUpdateCheck = 1410;
				LastUpgradeCheck = 1410;
				TargetAttributes = {
					C1CC19AB292E5BF3003CB5D4 = {
						CreatedOnToolsVersion = 14.1;
					};
				};
			};
			buildConfigurationList = C1CC19A7292E5BF3003CB5D4 /* Build configuration list for PBXProject "arquitetura" */;
			compatibilityVersion = "Xcode 14.0";
			developmentRegion = en;
			hasScannedForEncodings = 0;
			knownRegions = (
				en,
				Base,
			);
			mainGroup = C1CC19A3292E5BF3003CB5D4;
			packageReferences = (
				C1BE7460292E5E7B006B0E99 /* XCRemoteSwiftPackageReference "firebase-ios-sdk" */,
			);
			productRefGroup = C1CC19AD292E5BF3003CB5D4 /* Products */;
			projectDirPath = "";
			projectRoot = "";
			targets = (
				C1CC19AB292E5BF3003CB5D4 /* arquitetura */,
			);
		};
/* End PBXProject section */

/* Begin PBXResourcesBuildPhase section */
		C1CC19AA292E5BF3003CB5D4 /* Resources */ = {
			isa = PBXResourcesBuildPhase;
			buildActionMask = 2147483647;
			files = (
				C1CC19BC292E5BF4003CB5D4 /* LaunchScreen.storyboard in Resources */,
				C1CC19C4292E5C55003CB5D4 /* GoogleService-Info.plist in Resources */,
				C1CC19B9292E5BF4003CB5D4 /* Assets.xcassets in Resources */,
				C1CC19B7292E5BF3003CB5D4 /* Main.storyboard in Resources */,
			);
			runOnlyForDeploymentPostprocessing = 0;
		};
/* End PBXResourcesBuildPhase section */

/* Begin PBXSourcesBuildPhase section */
		C1CC19A8292E5BF3003CB5D4 /* Sources */ = {
			isa = PBXSourcesBuildPhase;
			buildActionMask = 2147483647;
			files = (
				C1CC19B4292E5BF3003CB5D4 /* ViewController.swift in Sources */,
				C1BE7471292E6604006B0E99 /* UserBusiness.swift in Sources */,
				C1CC19B0292E5BF3003CB5D4 /* AppDelegate.swift in Sources */,
				C1CC19B2292E5BF3003CB5D4 /* SceneDelegate.swift in Sources */,
				C1BE746C292E62D7006B0E99 /* UserModel.swift in Sources */,
				C1BE7469292E6295006B0E99 /* UserProvider.swift in Sources */,
				C1BE746F292E64EF006B0E99 /* Constants.swift in Sources */,
			);
			runOnlyForDeploymentPostprocessing = 0;
		};
/* End PBXSourcesBuildPhase section */

/* Begin PBXVariantGroup section */
		C1CC19B5292E5BF3003CB5D4 /* Main.storyboard */ = {
			isa = PBXVariantGroup;
			children = (
				C1CC19B6292E5BF3003CB5D4 /* Base */,
			);
			name = Main.storyboard;
			sourceTree = "<group>";
		};
		C1CC19BA292E5BF4003CB5D4 /* LaunchScreen.storyboard */ = {
			isa = PBXVariantGroup;
			children = (
				C1CC19BB292E5BF4003CB5D4 /* Base */,
			);
			name = LaunchScreen.storyboard;
			sourceTree = "<group>";
		};
/* End PBXVariantGroup section */

/* Begin XCBuildConfiguration section */
		C1CC19BE292E5BF4003CB5D4 /* Debug */ = {
			isa = XCBuildConfiguration;
			buildSettings = {
				ALWAYS_SEARCH_USER_PATHS = NO;
				CLANG_ANALYZER_NONNULL = YES;
				CLANG_ANALYZER_NUMBER_OBJECT_CONVERSION = YES_AGGRESSIVE;
				CLANG_CXX_LANGUAGE_STANDARD = "gnu++20";
				CLANG_ENABLE_MODULES = YES;
				CLANG_ENABLE_OBJC_ARC = YES;
				CLANG_ENABLE_OBJC_WEAK = YES;
				CLANG_WARN_BLOCK_CAPTURE_AUTORELEASING = YES;
				CLANG_WARN_BOOL_CONVERSION = YES;
				CLANG_WARN_COMMA = YES;
				CLANG_WARN_CONSTANT_CONVERSION = YES;
				CLANG_WARN_DEPRECATED_OBJC_IMPLEMENTATIONS = YES;
				CLANG_WARN_DIRECT_OBJC_ISA_USAGE = YES_ERROR;
				CLANG_WARN_DOCUMENTATION_COMMENTS = YES;
				CLANG_WARN_EMPTY_BODY = YES;
				CLANG_WARN_ENUM_CONVERSION = YES;
				CLANG_WARN_INFINITE_RECURSION = YES;
				CLANG_WARN_INT_CONVERSION = YES;
				CLANG_WARN_NON_LITERAL_NULL_CONVERSION = YES;
				CLANG_WARN_OBJC_IMPLICIT_RETAIN_SELF = YES;
				CLANG_WARN_OBJC_LITERAL_CONVERSION = YES;
				CLANG_WARN_OBJC_ROOT_CLASS = YES_ERROR;
				CLANG_WARN_QUOTED_INCLUDE_IN_FRAMEWORK_HEADER = YES;
				CLANG_WARN_RANGE_LOOP_ANALYSIS = YES;
				CLANG_WARN_STRICT_PROTOTYPES = YES;
				CLANG_WARN_SUSPICIOUS_MOVE = YES;
				CLANG_WARN_UNGUARDED_AVAILABILITY = YES_AGGRESSIVE;
				CLANG_WARN_UNREACHABLE_CODE = YES;
				CLANG_WARN__DUPLICATE_METHOD_MATCH = YES;
				COPY_PHASE_STRIP = NO;
				DEBUG_INFORMATION_FORMAT = dwarf;
				ENABLE_STRICT_OBJC_MSGSEND = YES;
				ENABLE_TESTABILITY = YES;
				GCC_C_LANGUAGE_STANDARD = gnu11;
				GCC_DYNAMIC_NO_PIC = NO;
				GCC_NO_COMMON_BLOCKS = YES;
				GCC_OPTIMIZATION_LEVEL = 0;
				GCC_PREPROCESSOR_DEFINITIONS = (
					"DEBUG=1",
					"$(inherited)",
				);
				GCC_WARN_64_TO_32_BIT_CONVERSION = YES;
				GCC_WARN_ABOUT_RETURN_TYPE = YES_ERROR;
				GCC_WARN_UNDECLARED_SELECTOR = YES;
				GCC_WARN_UNINITIALIZED_AUTOS = YES_AGGRESSIVE;
				GCC_WARN_UNUSED_FUNCTION = YES;
				GCC_WARN_UNUSED_VARIABLE = YES;
				IPHONEOS_DEPLOYMENT_TARGET = 16.1;
				MTL_ENABLE_DEBUG_INFO = INCLUDE_SOURCE;
				MTL_FAST_MATH = YES;
				ONLY_ACTIVE_ARCH = YES;
				SDKROOT = iphoneos;
				SWIFT_ACTIVE_COMPILATION_CONDITIONS = DEBUG;
				SWIFT_OPTIMIZATION_LEVEL = "-Onone";
			};
			name = Debug;
		};
		C1CC19BF292E5BF4003CB5D4 /* Release */ = {
			isa = XCBuildConfiguration;
			buildSettings = {
				ALWAYS_SEARCH_USER_PATHS = NO;
				CLANG_ANALYZER_NONNULL = YES;
				CLANG_ANALYZER_NUMBER_OBJECT_CONVERSION = YES_AGGRESSIVE;
				CLANG_CXX_LANGUAGE_STANDARD = "gnu++20";
				CLANG_ENABLE_MODULES = YES;
				CLANG_ENABLE_OBJC_ARC = YES;
				CLANG_ENABLE_OBJC_WEAK = YES;
				CLANG_WARN_BLOCK_CAPTURE_AUTORELEASING = YES;
				CLANG_WARN_BOOL_CONVERSION = YES;
				CLANG_WARN_COMMA = YES;
				CLANG_WARN_CONSTANT_CONVERSION = YES;
				CLANG_WARN_DEPRECATED_OBJC_IMPLEMENTATIONS = YES;
				CLANG_WARN_DIRECT_OBJC_ISA_USAGE = YES_ERROR;
				CLANG_WARN_DOCUMENTATION_COMMENTS = YES;
				CLANG_WARN_EMPTY_BODY = YES;
				CLANG_WARN_ENUM_CONVERSION = YES;
				CLANG_WARN_INFINITE_RECURSION = YES;
				CLANG_WARN_INT_CONVERSION = YES;
				CLANG_WARN_NON_LITERAL_NULL_CONVERSION = YES;
				CLANG_WARN_OBJC_IMPLICIT_RETAIN_SELF = YES;
				CLANG_WARN_OBJC_LITERAL_CONVERSION = YES;
				CLANG_WARN_OBJC_ROOT_CLASS = YES_ERROR;
				CLANG_WARN_QUOTED_INCLUDE_IN_FRAMEWORK_HEADER = YES;
				CLANG_WARN_RANGE_LOOP_ANALYSIS = YES;
				CLANG_WARN_STRICT_PROTOTYPES = YES;
				CLANG_WARN_SUSPICIOUS_MOVE = YES;
				CLANG_WARN_UNGUARDED_AVAILABILITY = YES_AGGRESSIVE;
				CLANG_WARN_UNREACHABLE_CODE = YES;
				CLANG_WARN__DUPLICATE_METHOD_MATCH = YES;
				COPY_PHASE_STRIP = NO;
				DEBUG_INFORMATION_FORMAT = "dwarf-with-dsym";
				ENABLE_NS_ASSERTIONS = NO;
				ENABLE_STRICT_OBJC_MSGSEND = YES;
				GCC_C_LANGUAGE_STANDARD = gnu11;
				GCC_NO_COMMON_BLOCKS = YES;
				GCC_WARN_64_TO_32_BIT_CONVERSION = YES;
				GCC_WARN_ABOUT_RETURN_TYPE = YES_ERROR;
				GCC_WARN_UNDECLARED_SELECTOR = YES;
				GCC_WARN_UNINITIALIZED_AUTOS = YES_AGGRESSIVE;
				GCC_WARN_UNUSED_FUNCTION = YES;
				GCC_WARN_UNUSED_VARIABLE = YES;
				IPHONEOS_DEPLOYMENT_TARGET = 16.1;
				MTL_ENABLE_DEBUG_INFO = NO;
				MTL_FAST_MATH = YES;
				SDKROOT = iphoneos;
				SWIFT_COMPILATION_MODE = wholemodule;
				SWIFT_OPTIMIZATION_LEVEL = "-O";
				VALIDATE_PRODUCT = YES;
			};
			name = Release;
		};
		C1CC19C1292E5BF4003CB5D4 /* Debug */ = {
			isa = XCBuildConfiguration;
			buildSettings = {
				ASSETCATALOG_COMPILER_APPICON_NAME = AppIcon;
				ASSETCATALOG_COMPILER_GLOBAL_ACCENT_COLOR_NAME = AccentColor;
				CODE_SIGN_STYLE = Automatic;
				CURRENT_PROJECT_VERSION = 1;
				DEVELOPMENT_TEAM = QQ6QSKRB6L;
				GENERATE_INFOPLIST_FILE = YES;
				INFOPLIST_FILE = arquitetura/Info.plist;
				INFOPLIST_KEY_UIApplicationSupportsIndirectInputEvents = YES;
				INFOPLIST_KEY_UILaunchStoryboardName = LaunchScreen;
				INFOPLIST_KEY_UIMainStoryboardFile = Main;
				INFOPLIST_KEY_UISupportedInterfaceOrientations_iPad = "UIInterfaceOrientationPortrait UIInterfaceOrientationPortraitUpsideDown UIInterfaceOrientationLandscapeLeft UIInterfaceOrientationLandscapeRight";
				INFOPLIST_KEY_UISupportedInterfaceOrientations_iPhone = "UIInterfaceOrientationPortrait UIInterfaceOrientationLandscapeLeft UIInterfaceOrientationLandscapeRight";
				LD_RUNPATH_SEARCH_PATHS = (
					"$(inherited)",
					"@executable_path/Frameworks",
				);
				MARKETING_VERSION = 1.0;
				PRODUCT_BUNDLE_IDENTIFIER = com.hugosilvag6.arquitetura;
				PRODUCT_NAME = "$(TARGET_NAME)";
				SWIFT_EMIT_LOC_STRINGS = YES;
				SWIFT_VERSION = 5.0;
				TARGETED_DEVICE_FAMILY = "1,2";
			};
			name = Debug;
		};
		C1CC19C2292E5BF4003CB5D4 /* Release */ = {
			isa = XCBuildConfiguration;
			buildSettings = {
				ASSETCATALOG_COMPILER_APPICON_NAME = AppIcon;
				ASSETCATALOG_COMPILER_GLOBAL_ACCENT_COLOR_NAME = AccentColor;
				CODE_SIGN_STYLE = Automatic;
				CURRENT_PROJECT_VERSION = 1;
				DEVELOPMENT_TEAM = QQ6QSKRB6L;
				GENERATE_INFOPLIST_FILE = YES;
				INFOPLIST_FILE = arquitetura/Info.plist;
				INFOPLIST_KEY_UIApplicationSupportsIndirectInputEvents = YES;
				INFOPLIST_KEY_UILaunchStoryboardName = LaunchScreen;
				INFOPLIST_KEY_UIMainStoryboardFile = Main;
				INFOPLIST_KEY_UISupportedInterfaceOrientations_iPad = "UIInterfaceOrientationPortrait UIInterfaceOrientationPortraitUpsideDown UIInterfaceOrientationLandscapeLeft UIInterfaceOrientationLandscapeRight";
				INFOPLIST_KEY_UISupportedInterfaceOrientations_iPhone = "UIInterfaceOrientationPortrait UIInterfaceOrientationLandscapeLeft UIInterfaceOrientationLandscapeRight";
				LD_RUNPATH_SEARCH_PATHS = (
					"$(inherited)",
					"@executable_path/Frameworks",
				);
				MARKETING_VERSION = 1.0;
				PRODUCT_BUNDLE_IDENTIFIER = com.hugosilvag6.arquitetura;
				PRODUCT_NAME = "$(TARGET_NAME)";
				SWIFT_EMIT_LOC_STRINGS = YES;
				SWIFT_VERSION = 5.0;
				TARGETED_DEVICE_FAMILY = "1,2";
			};
			name = Release;
		};
/* End XCBuildConfiguration section */

/* Begin XCConfigurationList section */
		C1CC19A7292E5BF3003CB5D4 /* Build configuration list for PBXProject "arquitetura" */ = {
			isa = XCConfigurationList;
			buildConfigurations = (
				C1CC19BE292E5BF4003CB5D4 /* Debug */,
				C1CC19BF292E5BF4003CB5D4 /* Release */,
			);
			defaultConfigurationIsVisible = 0;
			defaultConfigurationName = Release;
		};
		C1CC19C0292E5BF4003CB5D4 /* Build configuration list for PBXNativeTarget "arquitetura" */ = {
			isa = XCConfigurationList;
			buildConfigurations = (
				C1CC19C1292E5BF4003CB5D4 /* Debug */,
				C1CC19C2292E5BF4003CB5D4 /* Release */,
			);
			defaultConfigurationIsVisible = 0;
			defaultConfigurationName = Release;
		};
/* End XCConfigurationList section */

/* Begin XCRemoteSwiftPackageReference section */
		C1BE7460292E5E7B006B0E99 /* XCRemoteSwiftPackageReference "firebase-ios-sdk" */ = {
			isa = XCRemoteSwiftPackageReference;
			repositoryURL = "https://github.com/firebase/firebase-ios-sdk";
			requirement = {
				kind = upToNextMajorVersion;
				minimumVersion = 9.0.0;
			};
		};
/* End XCRemoteSwiftPackageReference section */

/* Begin XCSwiftPackageProductDependency section */
		C1BE7461292E5E7B006B0E99 /* FirebaseAuth */ = {
			isa = XCSwiftPackageProductDependency;
			package = C1BE7460292E5E7B006B0E99 /* XCRemoteSwiftPackageReference "firebase-ios-sdk" */;
			productName = FirebaseAuth;
		};
/* End XCSwiftPackageProductDependency section */
	};
	rootObject = C1CC19A4292E5BF3003CB5D4 /* Project object */;
}
